<?xml version="1.0" encoding="utf-8"?>
<Project ToolsVersion="4.0" xmlns="http://schemas.microsoft.com/developer/msbuild/2003">
  <ItemGroup>
    <Filter Include="Source Files">
      <UniqueIdentifier>{4FC737F1-C7A5-4376-A066-2A32D752A2FF}</UniqueIdentifier>
      <Extensions>cpp;c;cc;cxx;def;odl;idl;hpj;bat;asm;asmx</Extensions>
    </Filter>
    <Filter Include="Header Files">
      <UniqueIdentifier>{93995380-89BD-4b04-88EB-625FBE52EBFB}</UniqueIdentifier>
      <Extensions>h;hh;hpp;hxx;hm;inl;inc;ipp;xsd</Extensions>
    </Filter>
    <Filter Include="Resource Files">
      <UniqueIdentifier>{67DA6AB6-F800-4c08-8B7A-83BB121AAD01}</UniqueIdentifier>
      <Extensions>rc;ico;cur;bmp;dlg;rc2;rct;bin;rgs;gif;jpg;jpeg;jpe;resx;tiff;tif;png;wav;mfcribbon-ms</Extensions>
    </Filter>
    <Filter Include="Header Files\Engine">
      <UniqueIdentifier>{d7685185-2f6b-46a6-9581-45f04066b026}</UniqueIdentifier>
    </Filter>
    <Filter Include="Source Files\Engine">
      <UniqueIdentifier>{f7044dd1-6cbf-484b-9096-defdf6556dc8}</UniqueIdentifier>
    </Filter>
    <Filter Include="Header Files\Engine\Imgui">
      <UniqueIdentifier>{22a623e0-6317-4cf2-8922-096a593292b6}</UniqueIdentifier>
    </Filter>
    <Filter Include="Source Files\Engine\Imgui">
      <UniqueIdentifier>{59d7d9aa-be28-4e34-bf67-47f3450e921e}</UniqueIdentifier>
    </Filter>
    <Filter Include="Source Files\World">
      <UniqueIdentifier>{64e62773-8c21-467a-ac65-96cc7a8a5056}</UniqueIdentifier>
    </Filter>
    <Filter Include="Header Files\World">
      <UniqueIdentifier>{98384ee5-50ac-422b-bec2-e2d0152cf486}</UniqueIdentifier>
    </Filter>
    <Filter Include="Header Files\Engine\Texture">
      <UniqueIdentifier>{14512ea9-5f54-410b-8077-0b171fc797df}</UniqueIdentifier>
    </Filter>
    <Filter Include="Source Files\Engine\Texture">
      <UniqueIdentifier>{25ef53d6-0f24-4a91-86b8-f8fe4c00000f}</UniqueIdentifier>
    </Filter>
    <Filter Include="Header Files\World\Biome">
      <UniqueIdentifier>{dd5f315a-cf15-4a41-90ca-4b61fcbe12b9}</UniqueIdentifier>
    </Filter>
    <Filter Include="Source Files\World\Biome">
      <UniqueIdentifier>{6f9e7471-01bb-4e8b-92e1-4853497aa0de}</UniqueIdentifier>
    </Filter>
    <Filter Include="Source Files\Entity">
      <UniqueIdentifier>{3e589855-6b84-4ab2-b6f7-f7ab067a07c8}</UniqueIdentifier>
    </Filter>
    <Filter Include="Header Files\Entity">
      <UniqueIdentifier>{380943e4-2efb-46a9-97ae-f638ae5226ac}</UniqueIdentifier>
    </Filter>
    <Filter Include="Header Files\Entity\Controllers">
      <UniqueIdentifier>{8c1daad6-8a7c-45f8-bce3-34e15fafef3d}</UniqueIdentifier>
    </Filter>
    <Filter Include="Source Files\Entity\Controllers">
      <UniqueIdentifier>{d3b1b84f-9351-44b6-a22f-c9d1932dd56a}</UniqueIdentifier>
    </Filter>
  </ItemGroup>
  <ItemGroup>
    <ClCompile Include="main.cpp">
      <Filter>Source Files</Filter>
    </ClCompile>
    <ClCompile Include="Application.cpp">
      <Filter>Source Files</Filter>
    </ClCompile>
    <ClCompile Include="imgui.cpp">
      <Filter>Source Files\Engine\Imgui</Filter>
    </ClCompile>
    <ClCompile Include="imgui_demo.cpp">
      <Filter>Source Files\Engine\Imgui</Filter>
    </ClCompile>
    <ClCompile Include="imgui_draw.cpp">
      <Filter>Source Files\Engine\Imgui</Filter>
    </ClCompile>
    <ClCompile Include="imgui_impl_glfw.cpp">
      <Filter>Source Files\Engine\Imgui</Filter>
    </ClCompile>
    <ClCompile Include="imgui_impl_opengl3.cpp">
      <Filter>Source Files\Engine\Imgui</Filter>
    </ClCompile>
    <ClCompile Include="imgui_stdlib.cpp">
      <Filter>Source Files\Engine\Imgui</Filter>
    </ClCompile>
    <ClCompile Include="imgui_widgets.cpp">
      <Filter>Source Files\Engine\Imgui</Filter>
    </ClCompile>
    <ClCompile Include="Camera.cpp">
      <Filter>Source Files\Engine</Filter>
    </ClCompile>
    <ClCompile Include="Engine.cpp">
      <Filter>Source Files\Engine</Filter>
    </ClCompile>
    <ClCompile Include="Framebuffer.cpp">
      <Filter>Source Files\Engine</Filter>
    </ClCompile>
    <ClCompile Include="glad.c">
      <Filter>Source Files\Engine</Filter>
    </ClCompile>
    <ClCompile Include="Input.cpp">
      <Filter>Source Files\Engine</Filter>
    </ClCompile>
    <ClCompile Include="Object3D.cpp">
      <Filter>Source Files\Engine</Filter>
    </ClCompile>
    <ClCompile Include="Shader.cpp">
      <Filter>Source Files\Engine</Filter>
    </ClCompile>
    <ClCompile Include="ShaderManager.cpp">
      <Filter>Source Files\Engine</Filter>
    </ClCompile>
    <ClCompile Include="Time.cpp">
      <Filter>Source Files\Engine</Filter>
    </ClCompile>
    <ClCompile Include="tiny_obj_loader.cc">
      <Filter>Source Files\Engine</Filter>
    </ClCompile>
    <ClCompile Include="Transform.cpp">
      <Filter>Source Files\Engine</Filter>
    </ClCompile>
    <ClCompile Include="ChunkManager.cpp">
      <Filter>Source Files\World</Filter>
    </ClCompile>
    <ClCompile Include="Chunk.cpp">
      <Filter>Source Files\World</Filter>
    </ClCompile>
    <ClCompile Include="World.cpp">
      <Filter>Source Files\World</Filter>
    </ClCompile>
    <ClCompile Include="WorldGeneration.cpp">
      <Filter>Source Files\World</Filter>
    </ClCompile>
    <ClCompile Include="BlockManager.cpp">
      <Filter>Source Files</Filter>
    </ClCompile>
    <ClCompile Include="TileMap.cpp">
      <Filter>Source Files</Filter>
    </ClCompile>
    <ClCompile Include="Sprite.cpp">
      <Filter>Source Files\Engine\Texture</Filter>
    </ClCompile>
    <ClCompile Include="Cubemap.cpp">
      <Filter>Source Files\Engine\Texture</Filter>
    </ClCompile>
    <ClCompile Include="BaseTexture.cpp">
      <Filter>Source Files\Engine\Texture</Filter>
    </ClCompile>
    <ClCompile Include="SkyBox.cpp">
      <Filter>Source Files\Engine</Filter>
    </ClCompile>
    <ClCompile Include="Constants.cpp">
      <Filter>Source Files</Filter>
    </ClCompile>
    <ClCompile Include="Biome.cpp">
      <Filter>Source Files\World\Biome</Filter>
    </ClCompile>
    <ClCompile Include="BiomeField.cpp">
      <Filter>Source Files\World\Biome</Filter>
    </ClCompile>
    <ClCompile Include="BiomeDesert.cpp">
      <Filter>Source Files\World\Biome</Filter>
    </ClCompile>
    <ClCompile Include="BiomeSnow.cpp">
      <Filter>Source Files\World\Biome</Filter>
    </ClCompile>
    <ClCompile Include="Entity.cpp">
      <Filter>Source Files\Entity</Filter>
    </ClCompile>
    <ClCompile Include="EntityManager.cpp">
      <Filter>Source Files\Entity</Filter>
    </ClCompile>
    <ClCompile Include="EntityController.cpp">
      <Filter>Source Files\Entity\Controllers</Filter>
    </ClCompile>
    <ClCompile Include="ECPlayer.cpp">
      <Filter>Source Files\Entity\Controllers</Filter>
    </ClCompile>
  </ItemGroup>
  <ItemGroup>
    <ClInclude Include="Application.h">
      <Filter>Header Files</Filter>
    </ClInclude>
    <ClInclude Include="Camera.h">
      <Filter>Header Files\Engine</Filter>
    </ClInclude>
    <ClInclude Include="Engine.h">
      <Filter>Header Files\Engine</Filter>
    </ClInclude>
    <ClInclude Include="Framebuffer.h">
      <Filter>Header Files\Engine</Filter>
    </ClInclude>
    <ClInclude Include="Input.h">
      <Filter>Header Files\Engine</Filter>
    </ClInclude>
    <ClInclude Include="Object3D.h">
      <Filter>Header Files\Engine</Filter>
    </ClInclude>
    <ClInclude Include="Shader.h">
      <Filter>Header Files\Engine</Filter>
    </ClInclude>
    <ClInclude Include="ShaderManager.h">
      <Filter>Header Files\Engine</Filter>
    </ClInclude>
    <ClInclude Include="stb_image.h">
      <Filter>Header Files\Engine</Filter>
    </ClInclude>
    <ClInclude Include="StringHelper.h">
      <Filter>Header Files\Engine</Filter>
    </ClInclude>
    <ClInclude Include="Time.h">
      <Filter>Header Files\Engine</Filter>
    </ClInclude>
    <ClInclude Include="tiny_obj_loader.h">
      <Filter>Header Files\Engine</Filter>
    </ClInclude>
    <ClInclude Include="Transform.h">
      <Filter>Header Files\Engine</Filter>
    </ClInclude>
    <ClInclude Include="imconfig.h">
      <Filter>Header Files\Engine\Imgui</Filter>
    </ClInclude>
    <ClInclude Include="imgui.h">
      <Filter>Header Files\Engine\Imgui</Filter>
    </ClInclude>
    <ClInclude Include="imgui_glm.h">
      <Filter>Header Files\Engine\Imgui</Filter>
    </ClInclude>
    <ClInclude Include="imgui_impl_glfw.h">
      <Filter>Header Files\Engine\Imgui</Filter>
    </ClInclude>
    <ClInclude Include="imgui_impl_opengl3.h">
      <Filter>Header Files\Engine\Imgui</Filter>
    </ClInclude>
    <ClInclude Include="imgui_internal.h">
      <Filter>Header Files\Engine\Imgui</Filter>
    </ClInclude>
    <ClInclude Include="imgui_stdlib.h">
      <Filter>Header Files\Engine\Imgui</Filter>
    </ClInclude>
    <ClInclude Include="imstb_rectpack.h">
      <Filter>Header Files\Engine\Imgui</Filter>
    </ClInclude>
    <ClInclude Include="imstb_textedit.h">
      <Filter>Header Files\Engine\Imgui</Filter>
    </ClInclude>
    <ClInclude Include="imstb_truetype.h">
      <Filter>Header Files\Engine\Imgui</Filter>
    </ClInclude>
    <ClInclude Include="World.h">
      <Filter>Header Files\World</Filter>
    </ClInclude>
    <ClInclude Include="ChunkManager.h">
      <Filter>Header Files\World</Filter>
    </ClInclude>
    <ClInclude Include="Chunk.h">
      <Filter>Header Files\World</Filter>
    </ClInclude>
    <ClInclude Include="WorldGeneration.h">
      <Filter>Header Files\World</Filter>
    </ClInclude>
    <ClInclude Include="BlockManager.h">
      <Filter>Header Files</Filter>
    </ClInclude>
    <ClInclude Include="TileMap.h">
      <Filter>Header Files</Filter>
    </ClInclude>
    <ClInclude Include="Sprite.h">
      <Filter>Header Files\Engine\Texture</Filter>
    </ClInclude>
    <ClInclude Include="Cubemap.h">
      <Filter>Header Files\Engine\Texture</Filter>
    </ClInclude>
    <ClInclude Include="BaseTexture.h">
      <Filter>Header Files\Engine\Texture</Filter>
    </ClInclude>
    <ClInclude Include="SkyBox.h">
      <Filter>Header Files\Engine</Filter>
    </ClInclude>
    <ClInclude Include="Constants.h">
      <Filter>Header Files</Filter>
    </ClInclude>
    <ClInclude Include="Biome.h">
      <Filter>Header Files\World\Biome</Filter>
    </ClInclude>
    <ClInclude Include="BiomeField.h">
      <Filter>Header Files\World\Biome</Filter>
    </ClInclude>
    <ClInclude Include="BiomeDesert.h">
      <Filter>Header Files\World\Biome</Filter>
    </ClInclude>
    <ClInclude Include="Util.h">
      <Filter>Header Files</Filter>
    </ClInclude>
    <ClInclude Include="BiomeSnow.h">
      <Filter>Header Files\World\Biome</Filter>
    </ClInclude>
    <ClInclude Include="Entity.h">
      <Filter>Header Files\Entity</Filter>
    </ClInclude>
    <ClInclude Include="EntityManager.h">
      <Filter>Header Files\Entity</Filter>
    </ClInclude>
    <ClInclude Include="EntityController.h">
      <Filter>Header Files\Entity\Controllers</Filter>
    </ClInclude>
    <ClInclude Include="ECPlayer.h">
      <Filter>Header Files\Entity\Controllers</Filter>
    </ClInclude>
  </ItemGroup>
  <ItemGroup>
    <None Include="imgui.ini" />
  </ItemGroup>
</Project>